// !$*UTF8*$!
{
	archiveVersion = 1;
	classes = {
	};
	objectVersion = 56;
	objects = {

/* Begin PBXBuildFile section */
		15589D132BB15E0500E2351D /* RealityKitContent in Frameworks */ = {isa = PBXBuildFile; productRef = 15589D122BB15E0500E2351D /* RealityKitContent */; };
		15589D152BB15E0500E2351D /* PlanetBusterApp.swift in Sources */ = {isa = PBXBuildFile; fileRef = 15589D142BB15E0500E2351D /* PlanetBusterApp.swift */; };
		15589D172BB15E0500E2351D /* ContentView.swift in Sources */ = {isa = PBXBuildFile; fileRef = 15589D162BB15E0500E2351D /* ContentView.swift */; };
		15589D192BB15E0500E2351D /* ImmersiveView.swift in Sources */ = {isa = PBXBuildFile; fileRef = 15589D182BB15E0500E2351D /* ImmersiveView.swift */; };
		15589D1B2BB15E0500E2351D /* ImageBasedLighting.skybox in Resources */ = {isa = PBXBuildFile; fileRef = 15589D1A2BB15E0500E2351D /* ImageBasedLighting.skybox */; };
		15589D1D2BB15E0700E2351D /* Assets.xcassets in Resources */ = {isa = PBXBuildFile; fileRef = 15589D1C2BB15E0700E2351D /* Assets.xcassets */; };
		15589D202BB15E0700E2351D /* Preview Assets.xcassets in Resources */ = {isa = PBXBuildFile; fileRef = 15589D1F2BB15E0700E2351D /* Preview Assets.xcassets */; };
		15589D2B2BB15E0800E2351D /* PlanetBusterTests.swift in Sources */ = {isa = PBXBuildFile; fileRef = 15589D2A2BB15E0800E2351D /* PlanetBusterTests.swift */; };
/* End PBXBuildFile section */

/* Begin PBXContainerItemProxy section */
		15589D272BB15E0800E2351D /* PBXContainerItemProxy */ = {
			isa = PBXContainerItemProxy;
			containerPortal = 15589D052BB15E0500E2351D /* Project object */;
			proxyType = 1;
			remoteGlobalIDString = 15589D0C2BB15E0500E2351D;
			remoteInfo = PlanetBuster;
		};
/* End PBXContainerItemProxy section */

/* Begin PBXFileReference section */
		15589D0D2BB15E0500E2351D /* PlanetBuster.app */ = {isa = PBXFileReference; explicitFileType = wrapper.application; includeInIndex = 0; path = PlanetBuster.app; sourceTree = BUILT_PRODUCTS_DIR; };
		15589D112BB15E0500E2351D /* RealityKitContent */ = {isa = PBXFileReference; lastKnownFileType = wrapper; path = RealityKitContent; sourceTree = "<group>"; };
		15589D142BB15E0500E2351D /* PlanetBusterApp.swift */ = {isa = PBXFileReference; lastKnownFileType = sourcecode.swift; path = PlanetBusterApp.swift; sourceTree = "<group>"; };
		15589D162BB15E0500E2351D /* ContentView.swift */ = {isa = PBXFileReference; lastKnownFileType = sourcecode.swift; path = ContentView.swift; sourceTree = "<group>"; };
		15589D182BB15E0500E2351D /* ImmersiveView.swift */ = {isa = PBXFileReference; lastKnownFileType = sourcecode.swift; path = ImmersiveView.swift; sourceTree = "<group>"; };
		15589D1A2BB15E0500E2351D /* ImageBasedLighting.skybox */ = {isa = PBXFileReference; lastKnownFileType = file.skybox; path = ImageBasedLighting.skybox; sourceTree = "<group>"; };
		15589D1C2BB15E0700E2351D /* Assets.xcassets */ = {isa = PBXFileReference; lastKnownFileType = folder.assetcatalog; path = Assets.xcassets; sourceTree = "<group>"; };
		15589D1F2BB15E0700E2351D /* Preview Assets.xcassets */ = {isa = PBXFileReference; lastKnownFileType = folder.assetcatalog; path = "Preview Assets.xcassets"; sourceTree = "<group>"; };
		15589D212BB15E0700E2351D /* Info.plist */ = {isa = PBXFileReference; lastKnownFileType = text.plist.xml; path = Info.plist; sourceTree = "<group>"; };
		15589D262BB15E0800E2351D /* PlanetBusterTests.xctest */ = {isa = PBXFileReference; explicitFileType = wrapper.cfbundle; includeInIndex = 0; path = PlanetBusterTests.xctest; sourceTree = BUILT_PRODUCTS_DIR; };
		15589D2A2BB15E0800E2351D /* PlanetBusterTests.swift */ = {isa = PBXFileReference; lastKnownFileType = sourcecode.swift; path = PlanetBusterTests.swift; sourceTree = "<group>"; };
/* End PBXFileReference section */

/* Begin PBXFrameworksBuildPhase section */
		15589D0A2BB15E0500E2351D /* Frameworks */ = {
			isa = PBXFrameworksBuildPhase;
			buildActionMask = 2147483647;
			files = (
				15589D132BB15E0500E2351D /* RealityKitContent in Frameworks */,
			);
			runOnlyForDeploymentPostprocessing = 0;
		};
		15589D232BB15E0800E2351D /* Frameworks */ = {
			isa = PBXFrameworksBuildPhase;
			buildActionMask = 2147483647;
			files = (
			);
			runOnlyForDeploymentPostprocessing = 0;
		};
/* End PBXFrameworksBuildPhase section */

/* Begin PBXGroup section */
		15589D042BB15E0500E2351D = {
			isa = PBXGroup;
			children = (
				15589D0F2BB15E0500E2351D /* PlanetBuster */,
				15589D102BB15E0500E2351D /* Packages */,
				15589D292BB15E0800E2351D /* PlanetBusterTests */,
				15589D0E2BB15E0500E2351D /* Products */,
			);
			sourceTree = "<group>";
		};
		15589D0E2BB15E0500E2351D /* Products */ = {
			isa = PBXGroup;
			children = (
				15589D0D2BB15E0500E2351D /* PlanetBuster.app */,
				15589D262BB15E0800E2351D /* PlanetBusterTests.xctest */,
			);
			name = Products;
			sourceTree = "<group>";
		};
		15589D0F2BB15E0500E2351D /* PlanetBuster */ = {
			isa = PBXGroup;
			children = (
				15589D142BB15E0500E2351D /* PlanetBusterApp.swift */,
				15589D162BB15E0500E2351D /* ContentView.swift */,
				15589D182BB15E0500E2351D /* ImmersiveView.swift */,
				15589D1A2BB15E0500E2351D /* ImageBasedLighting.skybox */,
				15589D1C2BB15E0700E2351D /* Assets.xcassets */,
				15589D212BB15E0700E2351D /* Info.plist */,
				15589D1E2BB15E0700E2351D /* Preview Content */,
			);
			path = PlanetBuster;
			sourceTree = "<group>";
		};
		15589D102BB15E0500E2351D /* Packages */ = {
			isa = PBXGroup;
			children = (
				15589D112BB15E0500E2351D /* RealityKitContent */,
			);
			path = Packages;
			sourceTree = "<group>";
		};
		15589D1E2BB15E0700E2351D /* Preview Content */ = {
			isa = PBXGroup;
			children = (
				15589D1F2BB15E0700E2351D /* Preview Assets.xcassets */,
			);
			path = "Preview Content";
			sourceTree = "<group>";
		};
		15589D292BB15E0800E2351D /* PlanetBusterTests */ = {
			isa = PBXGroup;
			children = (
				15589D2A2BB15E0800E2351D /* PlanetBusterTests.swift */,
			);
			path = PlanetBusterTests;
			sourceTree = "<group>";
		};
/* End PBXGroup section */

/* Begin PBXNativeTarget section */
		15589D0C2BB15E0500E2351D /* PlanetBuster */ = {
			isa = PBXNativeTarget;
			buildConfigurationList = 15589D2E2BB15E0800E2351D /* Build configuration list for PBXNativeTarget "PlanetBuster" */;
			buildPhases = (
				15589D092BB15E0500E2351D /* Sources */,
				15589D0A2BB15E0500E2351D /* Frameworks */,
				15589D0B2BB15E0500E2351D /* Resources */,
			);
			buildRules = (
			);
			dependencies = (
			);
			name = PlanetBuster;
			packageProductDependencies = (
				15589D122BB15E0500E2351D /* RealityKitContent */,
			);
			productName = PlanetBuster;
			productReference = 15589D0D2BB15E0500E2351D /* PlanetBuster.app */;
			productType = "com.apple.product-type.application";
		};
		15589D252BB15E0800E2351D /* PlanetBusterTests */ = {
			isa = PBXNativeTarget;
			buildConfigurationList = 15589D312BB15E0800E2351D /* Build configuration list for PBXNativeTarget "PlanetBusterTests" */;
			buildPhases = (
				15589D222BB15E0800E2351D /* Sources */,
				15589D232BB15E0800E2351D /* Frameworks */,
				15589D242BB15E0800E2351D /* Resources */,
			);
			buildRules = (
			);
			dependencies = (
				15589D282BB15E0800E2351D /* PBXTargetDependency */,
			);
			name = PlanetBusterTests;
			productName = PlanetBusterTests;
			productReference = 15589D262BB15E0800E2351D /* PlanetBusterTests.xctest */;
			productType = "com.apple.product-type.bundle.unit-test";
		};
/* End PBXNativeTarget section */

/* Begin PBXProject section */
		15589D052BB15E0500E2351D /* Project object */ = {
			isa = PBXProject;
			attributes = {
				BuildIndependentTargetsInParallel = 1;
				LastSwiftUpdateCheck = 1520;
				LastUpgradeCheck = 1520;
				TargetAttributes = {
					15589D0C2BB15E0500E2351D = {
						CreatedOnToolsVersion = 15.2;
					};
					15589D252BB15E0800E2351D = {
						CreatedOnToolsVersion = 15.2;
						TestTargetID = 15589D0C2BB15E0500E2351D;
					};
				};
			};
			buildConfigurationList = 15589D082BB15E0500E2351D /* Build configuration list for PBXProject "PlanetBuster" */;
			compatibilityVersion = "Xcode 14.0";
			developmentRegion = en;
			hasScannedForEncodings = 0;
			knownRegions = (
				en,
				Base,
			);
			mainGroup = 15589D042BB15E0500E2351D;
			productRefGroup = 15589D0E2BB15E0500E2351D /* Products */;
			projectDirPath = "";
			projectRoot = "";
			targets = (
				15589D0C2BB15E0500E2351D /* PlanetBuster */,
				15589D252BB15E0800E2351D /* PlanetBusterTests */,
			);
		};
/* End PBXProject section */

/* Begin PBXResourcesBuildPhase section */
		15589D0B2BB15E0500E2351D /* Resources */ = {
			isa = PBXResourcesBuildPhase;
			buildActionMask = 2147483647;
			files = (
				15589D1D2BB15E0700E2351D /* Assets.xcassets in Resources */,
				15589D202BB15E0700E2351D /* Preview Assets.xcassets in Resources */,
				15589D1B2BB15E0500E2351D /* ImageBasedLighting.skybox in Resources */,
			);
			runOnlyForDeploymentPostprocessing = 0;
		};
		15589D242BB15E0800E2351D /* Resources */ = {
			isa = PBXResourcesBuildPhase;
			buildActionMask = 2147483647;
			files = (
			);
			runOnlyForDeploymentPostprocessing = 0;
		};
/* End PBXResourcesBuildPhase section */

/* Begin PBXSourcesBuildPhase section */
		15589D092BB15E0500E2351D /* Sources */ = {
			isa = PBXSourcesBuildPhase;
			buildActionMask = 2147483647;
			files = (
				15589D172BB15E0500E2351D /* ContentView.swift in Sources */,
				15589D152BB15E0500E2351D /* PlanetBusterApp.swift in Sources */,
				15589D192BB15E0500E2351D /* ImmersiveView.swift in Sources */,
			);
			runOnlyForDeploymentPostprocessing = 0;
		};
		15589D222BB15E0800E2351D /* Sources */ = {
			isa = PBXSourcesBuildPhase;
			buildActionMask = 2147483647;
			files = (
				15589D2B2BB15E0800E2351D /* PlanetBusterTests.swift in Sources */,
			);
			runOnlyForDeploymentPostprocessing = 0;
		};
/* End PBXSourcesBuildPhase section */

/* Begin PBXTargetDependency section */
		15589D282BB15E0800E2351D /* PBXTargetDependency */ = {
			isa = PBXTargetDependency;
			target = 15589D0C2BB15E0500E2351D /* PlanetBuster */;
			targetProxy = 15589D272BB15E0800E2351D /* PBXContainerItemProxy */;
		};
/* End PBXTargetDependency section */

/* Begin XCBuildConfiguration section */
		15589D2C2BB15E0800E2351D /* Debug */ = {
			isa = XCBuildConfiguration;
			buildSettings = {
				ALWAYS_SEARCH_USER_PATHS = NO;
				ASSETCATALOG_COMPILER_GENERATE_SWIFT_ASSET_SYMBOL_EXTENSIONS = YES;
				CLANG_ANALYZER_NONNULL = YES;
				CLANG_ANALYZER_NUMBER_OBJECT_CONVERSION = YES_AGGRESSIVE;
				CLANG_CXX_LANGUAGE_STANDARD = "gnu++20";
				CLANG_ENABLE_MODULES = YES;
				CLANG_ENABLE_OBJC_ARC = YES;
				CLANG_ENABLE_OBJC_WEAK = YES;
				CLANG_WARN_BLOCK_CAPTURE_AUTORELEASING = YES;
				CLANG_WARN_BOOL_CONVERSION = YES;
				CLANG_WARN_COMMA = YES;
				CLANG_WARN_CONSTANT_CONVERSION = YES;
				CLANG_WARN_DEPRECATED_OBJC_IMPLEMENTATIONS = YES;
				CLANG_WARN_DIRECT_OBJC_ISA_USAGE = YES_ERROR;
				CLANG_WARN_DOCUMENTATION_COMMENTS = YES;
				CLANG_WARN_EMPTY_BODY = YES;
				CLANG_WARN_ENUM_CONVERSION = YES;
				CLANG_WARN_INFINITE_RECURSION = YES;
				CLANG_WARN_INT_CONVERSION = YES;
				CLANG_WARN_NON_LITERAL_NULL_CONVERSION = YES;
				CLANG_WARN_OBJC_IMPLICIT_RETAIN_SELF = YES;
				CLANG_WARN_OBJC_LITERAL_CONVERSION = YES;
				CLANG_WARN_OBJC_ROOT_CLASS = YES_ERROR;
				CLANG_WARN_QUOTED_INCLUDE_IN_FRAMEWORK_HEADER = YES;
				CLANG_WARN_RANGE_LOOP_ANALYSIS = YES;
				CLANG_WARN_STRICT_PROTOTYPES = YES;
				CLANG_WARN_SUSPICIOUS_MOVE = YES;
				CLANG_WARN_UNGUARDED_AVAILABILITY = YES_AGGRESSIVE;
				CLANG_WARN_UNREACHABLE_CODE = YES;
				CLANG_WARN__DUPLICATE_METHOD_MATCH = YES;
				COPY_PHASE_STRIP = NO;
				DEBUG_INFORMATION_FORMAT = dwarf;
				ENABLE_STRICT_OBJC_MSGSEND = YES;
				ENABLE_TESTABILITY = YES;
				ENABLE_USER_SCRIPT_SANDBOXING = YES;
				GCC_C_LANGUAGE_STANDARD = gnu17;
				GCC_DYNAMIC_NO_PIC = NO;
				GCC_NO_COMMON_BLOCKS = YES;
				GCC_OPTIMIZATION_LEVEL = 0;
				GCC_PREPROCESSOR_DEFINITIONS = (
					"DEBUG=1",
					"$(inherited)",
				);
				GCC_WARN_64_TO_32_BIT_CONVERSION = YES;
				GCC_WARN_ABOUT_RETURN_TYPE = YES_ERROR;
				GCC_WARN_UNDECLARED_SELECTOR = YES;
				GCC_WARN_UNINITIALIZED_AUTOS = YES_AGGRESSIVE;
				GCC_WARN_UNUSED_FUNCTION = YES;
				GCC_WARN_UNUSED_VARIABLE = YES;
				LOCALIZATION_PREFERS_STRING_CATALOGS = YES;
				MTL_ENABLE_DEBUG_INFO = INCLUDE_SOURCE;
				MTL_FAST_MATH = YES;
				ONLY_ACTIVE_ARCH = YES;
				SDKROOT = xros;
				SWIFT_ACTIVE_COMPILATION_CONDITIONS = "DEBUG $(inherited)";
				SWIFT_OPTIMIZATION_LEVEL = "-Onone";
				XROS_DEPLOYMENT_TARGET = 1.0;
			};
			name = Debug;
		};
		15589D2D2BB15E0800E2351D /* Release */ = {
			isa = XCBuildConfiguration;
			buildSettings = {
				ALWAYS_SEARCH_USER_PATHS = NO;
				ASSETCATALOG_COMPILER_GENERATE_SWIFT_ASSET_SYMBOL_EXTENSIONS = YES;
				CLANG_ANALYZER_NONNULL = YES;
				CLANG_ANALYZER_NUMBER_OBJECT_CONVERSION = YES_AGGRESSIVE;
				CLANG_CXX_LANGUAGE_STANDARD = "gnu++20";
				CLANG_ENABLE_MODULES = YES;
				CLANG_ENABLE_OBJC_ARC = YES;
				CLANG_ENABLE_OBJC_WEAK = YES;
				CLANG_WARN_BLOCK_CAPTURE_AUTORELEASING = YES;
				CLANG_WARN_BOOL_CONVERSION = YES;
				CLANG_WARN_COMMA = YES;
				CLANG_WARN_CONSTANT_CONVERSION = YES;
				CLANG_WARN_DEPRECATED_OBJC_IMPLEMENTATIONS = YES;
				CLANG_WARN_DIRECT_OBJC_ISA_USAGE = YES_ERROR;
				CLANG_WARN_DOCUMENTATION_COMMENTS = YES;
				CLANG_WARN_EMPTY_BODY = YES;
				CLANG_WARN_ENUM_CONVERSION = YES;
				CLANG_WARN_INFINITE_RECURSION = YES;
				CLANG_WARN_INT_CONVERSION = YES;
				CLANG_WARN_NON_LITERAL_NULL_CONVERSION = YES;
				CLANG_WARN_OBJC_IMPLICIT_RETAIN_SELF = YES;
				CLANG_WARN_OBJC_LITERAL_CONVERSION = YES;
				CLANG_WARN_OBJC_ROOT_CLASS = YES_ERROR;
				CLANG_WARN_QUOTED_INCLUDE_IN_FRAMEWORK_HEADER = YES;
				CLANG_WARN_RANGE_LOOP_ANALYSIS = YES;
				CLANG_WARN_STRICT_PROTOTYPES = YES;
				CLANG_WARN_SUSPICIOUS_MOVE = YES;
				CLANG_WARN_UNGUARDED_AVAILABILITY = YES_AGGRESSIVE;
				CLANG_WARN_UNREACHABLE_CODE = YES;
				CLANG_WARN__DUPLICATE_METHOD_MATCH = YES;
				COPY_PHASE_STRIP = NO;
				DEBUG_INFORMATION_FORMAT = "dwarf-with-dsym";
				ENABLE_NS_ASSERTIONS = NO;
				ENABLE_STRICT_OBJC_MSGSEND = YES;
				ENABLE_USER_SCRIPT_SANDBOXING = YES;
				GCC_C_LANGUAGE_STANDARD = gnu17;
				GCC_NO_COMMON_BLOCKS = YES;
				GCC_WARN_64_TO_32_BIT_CONVERSION = YES;
				GCC_WARN_ABOUT_RETURN_TYPE = YES_ERROR;
				GCC_WARN_UNDECLARED_SELECTOR = YES;
				GCC_WARN_UNINITIALIZED_AUTOS = YES_AGGRESSIVE;
				GCC_WARN_UNUSED_FUNCTION = YES;
				GCC_WARN_UNUSED_VARIABLE = YES;
				LOCALIZATION_PREFERS_STRING_CATALOGS = YES;
				MTL_ENABLE_DEBUG_INFO = NO;
				MTL_FAST_MATH = YES;
				SDKROOT = xros;
				SWIFT_COMPILATION_MODE = wholemodule;
				VALIDATE_PRODUCT = YES;
				XROS_DEPLOYMENT_TARGET = 1.0;
			};
			name = Release;
		};
		15589D2F2BB15E0800E2351D /* Debug */ = {
			isa = XCBuildConfiguration;
			buildSettings = {
				ASSETCATALOG_COMPILER_APPICON_NAME = AppIcon;
				ASSETCATALOG_COMPILER_GLOBAL_ACCENT_COLOR_NAME = AccentColor;
				CODE_SIGN_STYLE = Automatic;
				CURRENT_PROJECT_VERSION = 1;
				DEVELOPMENT_ASSET_PATHS = "\"PlanetBuster/Preview Content\"";
				DEVELOPMENT_TEAM = 9PR2465UJ6;
				ENABLE_PREVIEWS = YES;
				GENERATE_INFOPLIST_FILE = YES;
				INFOPLIST_FILE = "$(TARGET_NAME)/Info.plist";
				LD_RUNPATH_SEARCH_PATHS = (
					"$(inherited)",
					"@executable_path/Frameworks",
				);
				MARKETING_VERSION = 1.0;
				PRODUCT_BUNDLE_IDENTIFIER = sami.samara.PlanetBuster;
				PRODUCT_NAME = "$(TARGET_NAME)";
				SUPPORTED_PLATFORMS = "xros xrsimulator";
				SWIFT_EMIT_LOC_STRINGS = YES;
				SWIFT_VERSION = 5.0;
				TARGETED_DEVICE_FAMILY = "1,2,7";
			};
			name = Debug;
		};
		15589D302BB15E0800E2351D /* Release */ = {
			isa = XCBuildConfiguration;
			buildSettings = {
				ASSETCATALOG_COMPILER_APPICON_NAME = AppIcon;
				ASSETCATALOG_COMPILER_GLOBAL_ACCENT_COLOR_NAME = AccentColor;
				CODE_SIGN_STYLE = Automatic;
				CURRENT_PROJECT_VERSION = 1;
				DEVELOPMENT_ASSET_PATHS = "\"PlanetBuster/Preview Content\"";
				DEVELOPMENT_TEAM = 9PR2465UJ6;
				ENABLE_PREVIEWS = YES;
				GENERATE_INFOPLIST_FILE = YES;
				INFOPLIST_FILE = "$(TARGET_NAME)/Info.plist";
				LD_RUNPATH_SEARCH_PATHS = (
					"$(inherited)",
					"@executable_path/Frameworks",
				);
				MARKETING_VERSION = 1.0;
				PRODUCT_BUNDLE_IDENTIFIER = sami.samara.PlanetBuster;
				PRODUCT_NAME = "$(TARGET_NAME)";
				SUPPORTED_PLATFORMS = "xros xrsimulator";
				SWIFT_EMIT_LOC_STRINGS = YES;
				SWIFT_VERSION = 5.0;
				TARGETED_DEVICE_FAMILY = "1,2,7";
			};
			name = Release;
		};
		15589D322BB15E0800E2351D /* Debug */ = {
			isa = XCBuildConfiguration;
			buildSettings = {
				ALWAYS_EMBED_SWIFT_STANDARD_LIBRARIES = YES;
				BUNDLE_LOADER = "$(TEST_HOST)";
				CODE_SIGN_STYLE = Automatic;
				CURRENT_PROJECT_VERSION = 1;
				DEVELOPMENT_TEAM = 9PR2465UJ6;
				GENERATE_INFOPLIST_FILE = YES;
				MARKETING_VERSION = 1.0;
				PRODUCT_BUNDLE_IDENTIFIER = sami.samara.PlanetBusterTests;
				PRODUCT_NAME = "$(TARGET_NAME)";
				SUPPORTED_PLATFORMS = "xros xrsimulator";
				SWIFT_EMIT_LOC_STRINGS = NO;
				SWIFT_VERSION = 5.0;
				TARGETED_DEVICE_FAMILY = "1,2,7";
				TEST_HOST = "$(BUILT_PRODUCTS_DIR)/PlanetBuster.app/$(BUNDLE_EXECUTABLE_FOLDER_PATH)/PlanetBuster";
				XROS_DEPLOYMENT_TARGET = 1.0;
			};
			name = Debug;
		};
		15589D332BB15E0800E2351D /* Release */ = {
			isa = XCBuildConfiguration;
			buildSettings = {
				ALWAYS_EMBED_SWIFT_STANDARD_LIBRARIES = YES;
				BUNDLE_LOADER = "$(TEST_HOST)";
				CODE_SIGN_STYLE = Automatic;
				CURRENT_PROJECT_VERSION = 1;
				DEVELOPMENT_TEAM = 9PR2465UJ6;
				GENERATE_INFOPLIST_FILE = YES;
				MARKETING_VERSION = 1.0;
				PRODUCT_BUNDLE_IDENTIFIER = sami.samara.PlanetBusterTests;
				PRODUCT_NAME = "$(TARGET_NAME)";
				SUPPORTED_PLATFORMS = "xros xrsimulator";
				SWIFT_EMIT_LOC_STRINGS = NO;
				SWIFT_VERSION = 5.0;
				TARGETED_DEVICE_FAMILY = "1,2,7";
				TEST_HOST = "$(BUILT_PRODUCTS_DIR)/PlanetBuster.app/$(BUNDLE_EXECUTABLE_FOLDER_PATH)/PlanetBuster";
				XROS_DEPLOYMENT_TARGET = 1.0;
			};
			name = Release;
		};
/* End XCBuildConfiguration section */

/* Begin XCConfigurationList section */
		15589D082BB15E0500E2351D /* Build configuration list for PBXProject "PlanetBuster" */ = {
			isa = XCConfigurationList;
			buildConfigurations = (
				15589D2C2BB15E0800E2351D /* Debug */,
				15589D2D2BB15E0800E2351D /* Release */,
			);
			defaultConfigurationIsVisible = 0;
			defaultConfigurationName = Release;
		};
		15589D2E2BB15E0800E2351D /* Build configuration list for PBXNativeTarget "PlanetBuster" */ = {
			isa = XCConfigurationList;
			buildConfigurations = (
				15589D2F2BB15E0800E2351D /* Debug */,
				15589D302BB15E0800E2351D /* Release */,
			);
			defaultConfigurationIsVisible = 0;
			defaultConfigurationName = Release;
		};
		15589D312BB15E0800E2351D /* Build configuration list for PBXNativeTarget "PlanetBusterTests" */ = {
			isa = XCConfigurationList;
			buildConfigurations = (
				15589D322BB15E0800E2351D /* Debug */,
				15589D332BB15E0800E2351D /* Release */,
			);
			defaultConfigurationIsVisible = 0;
			defaultConfigurationName = Release;
		};
/* End XCConfigurationList section */

/* Begin XCSwiftPackageProductDependency section */
		15589D122BB15E0500E2351D /* RealityKitContent */ = {
			isa = XCSwiftPackageProductDependency;
			productName = RealityKitContent;
		};
/* End XCSwiftPackageProductDependency section */
	};
	rootObject = 15589D052BB15E0500E2351D /* Project object */;
}
